
Microsoft Visual Studio Solution File, Format Version 12.00
# Visual Studio Version 16
VisualStudioVersion = 16.0.29424.173
MinimumVisualStudioVersion = 10.0.40219.1
Project("{FAE04EC0-301F-11D3-BF4B-00C04F79EFBC}") = "TopicFilterer.UWP", "TopicFilterer\TopicFilterer.UWP\TopicFilterer.UWP.csproj", "{FBC571A2-A2BE-4FA4-B039-749022D79B8A}"
EndProject
Project("{FAE04EC0-301F-11D3-BF4B-00C04F79EFBC}") = "TopicFilterer.Android", "TopicFilterer\TopicFilterer.Android\TopicFilterer.Android.csproj", "{78150722-CEE0-438E-9C5B-8D95095E4D55}"
EndProject
Project("{FAE04EC0-301F-11D3-BF4B-00C04F79EFBC}") = "TopicFilterer.iOS", "TopicFilterer\TopicFilterer.iOS\TopicFilterer.iOS.csproj", "{4AF38F2E-1CBE-4BAD-83B7-927F1DE5F67A}"
EndProject
Project("{9A19103F-16F7-4668-BE54-9A1E7A4F7556}") = "TopicFilterer", "TopicFilterer\TopicFilterer\TopicFilterer.csproj", "{B7ABFFC4-0152-4948-8328-F65262E365BB}"
EndProject
Project("{2150E333-8FDC-42A3-9474-1A3956D46DE8}") = "deps", "deps", "{3D03F8ED-4832-4DDE-BB37-F95FE462B06D}"
EndProject
Project("{9A19103F-16F7-4668-BE54-9A1E7A4F7556}") = "StatList", "deps\StatList\StatList.csproj", "{7E608A3C-FFC4-4A1B-B82C-D9E723356E13}"
EndProject
Project("{FAE04EC0-301F-11D3-BF4B-00C04F79EFBC}") = "VisiPlacer.Android", "deps\VisiPlacer\VisiPlacer.Android\VisiPlacer.Android.csproj", "{5911E1A9-9C98-42BA-9878-90ED3F946E57}"
EndProject
Project("{FAE04EC0-301F-11D3-BF4B-00C04F79EFBC}") = "VisiPlacer.iOS", "deps\VisiPlacer\VisiPlacer.iOS\VisiPlacer.iOS.csproj", "{DE461A19-E352-4A79-855B-4FCC38DA6BB6}"
EndProject
Project("{FAE04EC0-301F-11D3-BF4B-00C04F79EFBC}") = "VisiPlacer.UWP", "deps\VisiPlacer\VisiPlacer.UWP\VisiPlacer.UWP.csproj", "{9323F653-BB21-4967-9341-88DBAD2728C3}"
EndProject
Project("{9A19103F-16F7-4668-BE54-9A1E7A4F7556}") = "VisiPlacer", "deps\VisiPlacer\VisiPlacer\VisiPlacer.csproj", "{7B9EFB80-514D-49F6-B580-CF32C79C80A1}"
EndProject
Global
	GlobalSection(SolutionConfigurationPlatforms) = preSolution
		Debug|Any CPU = Debug|Any CPU
		Debug|ARM = Debug|ARM
		Debug|ARM64 = Debug|ARM64
		Debug|iPhone = Debug|iPhone
		Debug|iPhoneSimulator = Debug|iPhoneSimulator
		Debug|x64 = Debug|x64
		Debug|x86 = Debug|x86
		Release|Any CPU = Release|Any CPU
		Release|ARM = Release|ARM
		Release|ARM64 = Release|ARM64
		Release|iPhone = Release|iPhone
		Release|iPhoneSimulator = Release|iPhoneSimulator
		Release|x64 = Release|x64
		Release|x86 = Release|x86
	EndGlobalSection
	GlobalSection(ProjectConfigurationPlatforms) = postSolution
		{FBC571A2-A2BE-4FA4-B039-749022D79B8A}.Debug|Any CPU.ActiveCfg = Debug|x86
		{FBC571A2-A2BE-4FA4-B039-749022D79B8A}.Debug|Any CPU.Build.0 = Debug|x86
		{FBC571A2-A2BE-4FA4-B039-749022D79B8A}.Debug|Any CPU.Deploy.0 = Debug|x86
		{FBC571A2-A2BE-4FA4-B039-749022D79B8A}.Debug|ARM.ActiveCfg = Debug|ARM
		{FBC571A2-A2BE-4FA4-B039-749022D79B8A}.Debug|ARM.Build.0 = Debug|ARM
		{FBC571A2-A2BE-4FA4-B039-749022D79B8A}.Debug|ARM.Deploy.0 = Debug|ARM
		{FBC571A2-A2BE-4FA4-B039-749022D79B8A}.Debug|ARM64.ActiveCfg = Debug|x86
		{FBC571A2-A2BE-4FA4-B039-749022D79B8A}.Debug|iPhone.ActiveCfg = Debug|x86
		{FBC571A2-A2BE-4FA4-B039-749022D79B8A}.Debug|iPhone.Build.0 = Debug|x86
		{FBC571A2-A2BE-4FA4-B039-749022D79B8A}.Debug|iPhone.Deploy.0 = Debug|x86
		{FBC571A2-A2BE-4FA4-B039-749022D79B8A}.Debug|iPhoneSimulator.ActiveCfg = Debug|x86
		{FBC571A2-A2BE-4FA4-B039-749022D79B8A}.Debug|iPhoneSimulator.Build.0 = Debug|x86
		{FBC571A2-A2BE-4FA4-B039-749022D79B8A}.Debug|iPhoneSimulator.Deploy.0 = Debug|x86
		{FBC571A2-A2BE-4FA4-B039-749022D79B8A}.Debug|x64.ActiveCfg = Debug|x64
		{FBC571A2-A2BE-4FA4-B039-749022D79B8A}.Debug|x64.Build.0 = Debug|x64
		{FBC571A2-A2BE-4FA4-B039-749022D79B8A}.Debug|x64.Deploy.0 = Debug|x64
		{FBC571A2-A2BE-4FA4-B039-749022D79B8A}.Debug|x86.ActiveCfg = Debug|x86
		{FBC571A2-A2BE-4FA4-B039-749022D79B8A}.Debug|x86.Build.0 = Debug|x86
		{FBC571A2-A2BE-4FA4-B039-749022D79B8A}.Debug|x86.Deploy.0 = Debug|x86
		{FBC571A2-A2BE-4FA4-B039-749022D79B8A}.Release|Any CPU.ActiveCfg = Release|x86
		{FBC571A2-A2BE-4FA4-B039-749022D79B8A}.Release|Any CPU.Build.0 = Release|x86
		{FBC571A2-A2BE-4FA4-B039-749022D79B8A}.Release|Any CPU.Deploy.0 = Release|x86
		{FBC571A2-A2BE-4FA4-B039-749022D79B8A}.Release|ARM.ActiveCfg = Release|ARM
		{FBC571A2-A2BE-4FA4-B039-749022D79B8A}.Release|ARM.Build.0 = Release|ARM
		{FBC571A2-A2BE-4FA4-B039-749022D79B8A}.Release|ARM.Deploy.0 = Release|ARM
		{FBC571A2-A2BE-4FA4-B039-749022D79B8A}.Release|ARM64.ActiveCfg = Release|x86
		{FBC571A2-A2BE-4FA4-B039-749022D79B8A}.Release|iPhone.ActiveCfg = Release|x86
		{FBC571A2-A2BE-4FA4-B039-749022D79B8A}.Release|iPhone.Build.0 = Release|x86
		{FBC571A2-A2BE-4FA4-B039-749022D79B8A}.Release|iPhone.Deploy.0 = Release|x86
		{FBC571A2-A2BE-4FA4-B039-749022D79B8A}.Release|iPhoneSimulator.ActiveCfg = Release|x86
		{FBC571A2-A2BE-4FA4-B039-749022D79B8A}.Release|iPhoneSimulator.Build.0 = Release|x86
		{FBC571A2-A2BE-4FA4-B039-749022D79B8A}.Release|iPhoneSimulator.Deploy.0 = Release|x86
		{FBC571A2-A2BE-4FA4-B039-749022D79B8A}.Release|x64.ActiveCfg = Release|x64
		{FBC571A2-A2BE-4FA4-B039-749022D79B8A}.Release|x64.Build.0 = Release|x64
		{FBC571A2-A2BE-4FA4-B039-749022D79B8A}.Release|x64.Deploy.0 = Release|x64
		{FBC571A2-A2BE-4FA4-B039-749022D79B8A}.Release|x86.ActiveCfg = Release|x86
		{FBC571A2-A2BE-4FA4-B039-749022D79B8A}.Release|x86.Build.0 = Release|x86
		{FBC571A2-A2BE-4FA4-B039-749022D79B8A}.Release|x86.Deploy.0 = Release|x86
		{78150722-CEE0-438E-9C5B-8D95095E4D55}.Debug|Any CPU.ActiveCfg = Debug|Any CPU
		{78150722-CEE0-438E-9C5B-8D95095E4D55}.Debug|Any CPU.Build.0 = Debug|Any CPU
		{78150722-CEE0-438E-9C5B-8D95095E4D55}.Debug|Any CPU.Deploy.0 = Debug|Any CPU
		{78150722-CEE0-438E-9C5B-8D95095E4D55}.Debug|ARM.ActiveCfg = Debug|Any CPU
		{78150722-CEE0-438E-9C5B-8D95095E4D55}.Debug|ARM.Build.0 = Debug|Any CPU
		{78150722-CEE0-438E-9C5B-8D95095E4D55}.Debug|ARM.Deploy.0 = Debug|Any CPU
		{78150722-CEE0-438E-9C5B-8D95095E4D55}.Debug|ARM64.ActiveCfg = Debug|Any CPU
		{78150722-CEE0-438E-9C5B-8D95095E4D55}.Debug|ARM64.Build.0 = Debug|Any CPU
		{78150722-CEE0-438E-9C5B-8D95095E4D55}.Debug|ARM64.Deploy.0 = Debug|Any CPU
		{78150722-CEE0-438E-9C5B-8D95095E4D55}.Debug|iPhone.ActiveCfg = Debug|Any CPU
		{78150722-CEE0-438E-9C5B-8D95095E4D55}.Debug|iPhone.Build.0 = Debug|Any CPU
		{78150722-CEE0-438E-9C5B-8D95095E4D55}.Debug|iPhone.Deploy.0 = Debug|Any CPU
		{78150722-CEE0-438E-9C5B-8D95095E4D55}.Debug|iPhoneSimulator.ActiveCfg = Debug|Any CPU
		{78150722-CEE0-438E-9C5B-8D95095E4D55}.Debug|iPhoneSimulator.Build.0 = Debug|Any CPU
		{78150722-CEE0-438E-9C5B-8D95095E4D55}.Debug|iPhoneSimulator.Deploy.0 = Debug|Any CPU
		{78150722-CEE0-438E-9C5B-8D95095E4D55}.Debug|x64.ActiveCfg = Debug|Any CPU
		{78150722-CEE0-438E-9C5B-8D95095E4D55}.Debug|x64.Build.0 = Debug|Any CPU
		{78150722-CEE0-438E-9C5B-8D95095E4D55}.Debug|x64.Deploy.0 = Debug|Any CPU
		{78150722-CEE0-438E-9C5B-8D95095E4D55}.Debug|x86.ActiveCfg = Debug|Any CPU
		{78150722-CEE0-438E-9C5B-8D95095E4D55}.Debug|x86.Build.0 = Debug|Any CPU
		{78150722-CEE0-438E-9C5B-8D95095E4D55}.Debug|x86.Deploy.0 = Debug|Any CPU
		{78150722-CEE0-438E-9C5B-8D95095E4D55}.Release|Any CPU.ActiveCfg = Release|Any CPU
		{78150722-CEE0-438E-9C5B-8D95095E4D55}.Release|Any CPU.Build.0 = Release|Any CPU
		{78150722-CEE0-438E-9C5B-8D95095E4D55}.Release|Any CPU.Deploy.0 = Release|Any CPU
		{78150722-CEE0-438E-9C5B-8D95095E4D55}.Release|ARM.ActiveCfg = Release|Any CPU
		{78150722-CEE0-438E-9C5B-8D95095E4D55}.Release|ARM.Build.0 = Release|Any CPU
		{78150722-CEE0-438E-9C5B-8D95095E4D55}.Release|ARM.Deploy.0 = Release|Any CPU
		{78150722-CEE0-438E-9C5B-8D95095E4D55}.Release|ARM64.ActiveCfg = Release|Any CPU
		{78150722-CEE0-438E-9C5B-8D95095E4D55}.Release|ARM64.Build.0 = Release|Any CPU
		{78150722-CEE0-438E-9C5B-8D95095E4D55}.Release|ARM64.Deploy.0 = Release|Any CPU
		{78150722-CEE0-438E-9C5B-8D95095E4D55}.Release|iPhone.ActiveCfg = Release|Any CPU
		{78150722-CEE0-438E-9C5B-8D95095E4D55}.Release|iPhone.Build.0 = Release|Any CPU
		{78150722-CEE0-438E-9C5B-8D95095E4D55}.Release|iPhone.Deploy.0 = Release|Any CPU
		{78150722-CEE0-438E-9C5B-8D95095E4D55}.Release|iPhoneSimulator.ActiveCfg = Release|Any CPU
		{78150722-CEE0-438E-9C5B-8D95095E4D55}.Release|iPhoneSimulator.Build.0 = Release|Any CPU
		{78150722-CEE0-438E-9C5B-8D95095E4D55}.Release|iPhoneSimulator.Deploy.0 = Release|Any CPU
		{78150722-CEE0-438E-9C5B-8D95095E4D55}.Release|x64.ActiveCfg = Release|Any CPU
		{78150722-CEE0-438E-9C5B-8D95095E4D55}.Release|x64.Build.0 = Release|Any CPU
		{78150722-CEE0-438E-9C5B-8D95095E4D55}.Release|x64.Deploy.0 = Release|Any CPU
		{78150722-CEE0-438E-9C5B-8D95095E4D55}.Release|x86.ActiveCfg = Release|Any CPU
		{78150722-CEE0-438E-9C5B-8D95095E4D55}.Release|x86.Build.0 = Release|Any CPU
		{78150722-CEE0-438E-9C5B-8D95095E4D55}.Release|x86.Deploy.0 = Release|Any CPU
		{4AF38F2E-1CBE-4BAD-83B7-927F1DE5F67A}.Debug|Any CPU.ActiveCfg = Debug|iPhone
		{4AF38F2E-1CBE-4BAD-83B7-927F1DE5F67A}.Debug|Any CPU.Build.0 = Debug|iPhone
		{4AF38F2E-1CBE-4BAD-83B7-927F1DE5F67A}.Debug|Any CPU.Deploy.0 = Debug|iPhone
		{4AF38F2E-1CBE-4BAD-83B7-927F1DE5F67A}.Debug|ARM.ActiveCfg = Debug|iPhoneSimulator
		{4AF38F2E-1CBE-4BAD-83B7-927F1DE5F67A}.Debug|ARM.Build.0 = Debug|iPhoneSimulator
		{4AF38F2E-1CBE-4BAD-83B7-927F1DE5F67A}.Debug|ARM.Deploy.0 = Debug|iPhoneSimulator
		{4AF38F2E-1CBE-4BAD-83B7-927F1DE5F67A}.Debug|ARM64.ActiveCfg = Debug|iPhoneSimulator
		{4AF38F2E-1CBE-4BAD-83B7-927F1DE5F67A}.Debug|iPhone.ActiveCfg = Debug|iPhone
		{4AF38F2E-1CBE-4BAD-83B7-927F1DE5F67A}.Debug|iPhone.Build.0 = Debug|iPhone
		{4AF38F2E-1CBE-4BAD-83B7-927F1DE5F67A}.Debug|iPhone.Deploy.0 = Debug|iPhone
		{4AF38F2E-1CBE-4BAD-83B7-927F1DE5F67A}.Debug|iPhoneSimulator.ActiveCfg = Debug|iPhoneSimulator
		{4AF38F2E-1CBE-4BAD-83B7-927F1DE5F67A}.Debug|iPhoneSimulator.Build.0 = Debug|iPhoneSimulator
		{4AF38F2E-1CBE-4BAD-83B7-927F1DE5F67A}.Debug|iPhoneSimulator.Deploy.0 = Debug|iPhoneSimulator
		{4AF38F2E-1CBE-4BAD-83B7-927F1DE5F67A}.Debug|x64.ActiveCfg = Debug|iPhone
		{4AF38F2E-1CBE-4BAD-83B7-927F1DE5F67A}.Debug|x64.Build.0 = Debug|iPhone
		{4AF38F2E-1CBE-4BAD-83B7-927F1DE5F67A}.Debug|x64.Deploy.0 = Debug|iPhone
		{4AF38F2E-1CBE-4BAD-83B7-927F1DE5F67A}.Debug|x86.ActiveCfg = Debug|iPhone
		{4AF38F2E-1CBE-4BAD-83B7-927F1DE5F67A}.Debug|x86.Build.0 = Debug|iPhone
		{4AF38F2E-1CBE-4BAD-83B7-927F1DE5F67A}.Debug|x86.Deploy.0 = Debug|iPhone
		{4AF38F2E-1CBE-4BAD-83B7-927F1DE5F67A}.Release|Any CPU.ActiveCfg = Release|iPhone
		{4AF38F2E-1CBE-4BAD-83B7-927F1DE5F67A}.Release|Any CPU.Build.0 = Release|iPhone
		{4AF38F2E-1CBE-4BAD-83B7-927F1DE5F67A}.Release|Any CPU.Deploy.0 = Release|iPhone
		{4AF38F2E-1CBE-4BAD-83B7-927F1DE5F67A}.Release|ARM.ActiveCfg = Release|iPhone
		{4AF38F2E-1CBE-4BAD-83B7-927F1DE5F67A}.Release|ARM.Build.0 = Release|iPhone
		{4AF38F2E-1CBE-4BAD-83B7-927F1DE5F67A}.Release|ARM.Deploy.0 = Release|iPhone
		{4AF38F2E-1CBE-4BAD-83B7-927F1DE5F67A}.Release|ARM64.ActiveCfg = Release|iPhoneSimulator
		{4AF38F2E-1CBE-4BAD-83B7-927F1DE5F67A}.Release|iPhone.ActiveCfg = Release|iPhone
		{4AF38F2E-1CBE-4BAD-83B7-927F1DE5F67A}.Release|iPhone.Build.0 = Release|iPhone
		{4AF38F2E-1CBE-4BAD-83B7-927F1DE5F67A}.Release|iPhone.Deploy.0 = Release|iPhone
		{4AF38F2E-1CBE-4BAD-83B7-927F1DE5F67A}.Release|iPhoneSimulator.ActiveCfg = Release|iPhoneSimulator
		{4AF38F2E-1CBE-4BAD-83B7-927F1DE5F67A}.Release|iPhoneSimulator.Build.0 = Release|iPhoneSimulator
		{4AF38F2E-1CBE-4BAD-83B7-927F1DE5F67A}.Release|iPhoneSimulator.Deploy.0 = Release|iPhoneSimulator
		{4AF38F2E-1CBE-4BAD-83B7-927F1DE5F67A}.Release|x64.ActiveCfg = Release|iPhone
		{4AF38F2E-1CBE-4BAD-83B7-927F1DE5F67A}.Release|x64.Build.0 = Release|iPhone
		{4AF38F2E-1CBE-4BAD-83B7-927F1DE5F67A}.Release|x64.Deploy.0 = Release|iPhone
		{4AF38F2E-1CBE-4BAD-83B7-927F1DE5F67A}.Release|x86.ActiveCfg = Release|iPhone
		{4AF38F2E-1CBE-4BAD-83B7-927F1DE5F67A}.Release|x86.Build.0 = Release|iPhone
		{4AF38F2E-1CBE-4BAD-83B7-927F1DE5F67A}.Release|x86.Deploy.0 = Release|iPhone
		{B7ABFFC4-0152-4948-8328-F65262E365BB}.Debug|Any CPU.ActiveCfg = Debug|Any CPU
		{B7ABFFC4-0152-4948-8328-F65262E365BB}.Debug|Any CPU.Build.0 = Debug|Any CPU
		{B7ABFFC4-0152-4948-8328-F65262E365BB}.Debug|Any CPU.Deploy.0 = Debug|Any CPU
		{B7ABFFC4-0152-4948-8328-F65262E365BB}.Debug|ARM.ActiveCfg = Debug|Any CPU
		{B7ABFFC4-0152-4948-8328-F65262E365BB}.Debug|ARM.Build.0 = Debug|Any CPU
		{B7ABFFC4-0152-4948-8328-F65262E365BB}.Debug|ARM.Deploy.0 = Debug|Any CPU
		{B7ABFFC4-0152-4948-8328-F65262E365BB}.Debug|ARM64.ActiveCfg = Debug|Any CPU
		{B7ABFFC4-0152-4948-8328-F65262E365BB}.Debug|ARM64.Build.0 = Debug|Any CPU
		{B7ABFFC4-0152-4948-8328-F65262E365BB}.Debug|iPhone.ActiveCfg = Debug|Any CPU
		{B7ABFFC4-0152-4948-8328-F65262E365BB}.Debug|iPhone.Build.0 = Debug|Any CPU
		{B7ABFFC4-0152-4948-8328-F65262E365BB}.Debug|iPhone.Deploy.0 = Debug|Any CPU
		{B7ABFFC4-0152-4948-8328-F65262E365BB}.Debug|iPhoneSimulator.ActiveCfg = Debug|Any CPU
		{B7ABFFC4-0152-4948-8328-F65262E365BB}.Debug|iPhoneSimulator.Build.0 = Debug|Any CPU
		{B7ABFFC4-0152-4948-8328-F65262E365BB}.Debug|iPhoneSimulator.Deploy.0 = Debug|Any CPU
		{B7ABFFC4-0152-4948-8328-F65262E365BB}.Debug|x64.ActiveCfg = Debug|Any CPU
		{B7ABFFC4-0152-4948-8328-F65262E365BB}.Debug|x64.Build.0 = Debug|Any CPU
		{B7ABFFC4-0152-4948-8328-F65262E365BB}.Debug|x64.Deploy.0 = Debug|Any CPU
		{B7ABFFC4-0152-4948-8328-F65262E365BB}.Debug|x86.ActiveCfg = Debug|Any CPU
		{B7ABFFC4-0152-4948-8328-F65262E365BB}.Debug|x86.Build.0 = Debug|Any CPU
		{B7ABFFC4-0152-4948-8328-F65262E365BB}.Debug|x86.Deploy.0 = Debug|Any CPU
		{B7ABFFC4-0152-4948-8328-F65262E365BB}.Release|Any CPU.ActiveCfg = Release|Any CPU
		{B7ABFFC4-0152-4948-8328-F65262E365BB}.Release|Any CPU.Build.0 = Release|Any CPU
		{B7ABFFC4-0152-4948-8328-F65262E365BB}.Release|Any CPU.Deploy.0 = Release|Any CPU
		{B7ABFFC4-0152-4948-8328-F65262E365BB}.Release|ARM.ActiveCfg = Release|Any CPU
		{B7ABFFC4-0152-4948-8328-F65262E365BB}.Release|ARM.Build.0 = Release|Any CPU
		{B7ABFFC4-0152-4948-8328-F65262E365BB}.Release|ARM.Deploy.0 = Release|Any CPU
		{B7ABFFC4-0152-4948-8328-F65262E365BB}.Release|ARM64.ActiveCfg = Release|Any CPU
		{B7ABFFC4-0152-4948-8328-F65262E365BB}.Release|ARM64.Build.0 = Release|Any CPU
		{B7ABFFC4-0152-4948-8328-F65262E365BB}.Release|iPhone.ActiveCfg = Release|Any CPU
		{B7ABFFC4-0152-4948-8328-F65262E365BB}.Release|iPhone.Build.0 = Release|Any CPU
		{B7ABFFC4-0152-4948-8328-F65262E365BB}.Release|iPhone.Deploy.0 = Release|Any CPU
		{B7ABFFC4-0152-4948-8328-F65262E365BB}.Release|iPhoneSimulator.ActiveCfg = Release|Any CPU
		{B7ABFFC4-0152-4948-8328-F65262E365BB}.Release|iPhoneSimulator.Build.0 = Release|Any CPU
		{B7ABFFC4-0152-4948-8328-F65262E365BB}.Release|iPhoneSimulator.Deploy.0 = Release|Any CPU
		{B7ABFFC4-0152-4948-8328-F65262E365BB}.Release|x64.ActiveCfg = Release|Any CPU
		{B7ABFFC4-0152-4948-8328-F65262E365BB}.Release|x64.Build.0 = Release|Any CPU
		{B7ABFFC4-0152-4948-8328-F65262E365BB}.Release|x64.Deploy.0 = Release|Any CPU
		{B7ABFFC4-0152-4948-8328-F65262E365BB}.Release|x86.ActiveCfg = Release|Any CPU
		{B7ABFFC4-0152-4948-8328-F65262E365BB}.Release|x86.Build.0 = Release|Any CPU
		{B7ABFFC4-0152-4948-8328-F65262E365BB}.Release|x86.Deploy.0 = Release|Any CPU
		{7E608A3C-FFC4-4A1B-B82C-D9E723356E13}.Debug|Any CPU.ActiveCfg = Debug|Any CPU
		{7E608A3C-FFC4-4A1B-B82C-D9E723356E13}.Debug|Any CPU.Build.0 = Debug|Any CPU
		{7E608A3C-FFC4-4A1B-B82C-D9E723356E13}.Debug|ARM.ActiveCfg = Debug|Any CPU
		{7E608A3C-FFC4-4A1B-B82C-D9E723356E13}.Debug|ARM.Build.0 = Debug|Any CPU
		{7E608A3C-FFC4-4A1B-B82C-D9E723356E13}.Debug|ARM64.ActiveCfg = Debug|Any CPU
		{7E608A3C-FFC4-4A1B-B82C-D9E723356E13}.Debug|ARM64.Build.0 = Debug|Any CPU
		{7E608A3C-FFC4-4A1B-B82C-D9E723356E13}.Debug|iPhone.ActiveCfg = Debug|Any CPU
		{7E608A3C-FFC4-4A1B-B82C-D9E723356E13}.Debug|iPhone.Build.0 = Debug|Any CPU
		{7E608A3C-FFC4-4A1B-B82C-D9E723356E13}.Debug|iPhoneSimulator.ActiveCfg = Debug|Any CPU
		{7E608A3C-FFC4-4A1B-B82C-D9E723356E13}.Debug|iPhoneSimulator.Build.0 = Debug|Any CPU
		{7E608A3C-FFC4-4A1B-B82C-D9E723356E13}.Debug|x64.ActiveCfg = Debug|Any CPU
		{7E608A3C-FFC4-4A1B-B82C-D9E723356E13}.Debug|x64.Build.0 = Debug|Any CPU
		{7E608A3C-FFC4-4A1B-B82C-D9E723356E13}.Debug|x86.ActiveCfg = Debug|Any CPU
		{7E608A3C-FFC4-4A1B-B82C-D9E723356E13}.Debug|x86.Build.0 = Debug|Any CPU
		{7E608A3C-FFC4-4A1B-B82C-D9E723356E13}.Release|Any CPU.ActiveCfg = Release|Any CPU
		{7E608A3C-FFC4-4A1B-B82C-D9E723356E13}.Release|Any CPU.Build.0 = Release|Any CPU
		{7E608A3C-FFC4-4A1B-B82C-D9E723356E13}.Release|ARM.ActiveCfg = Release|Any CPU
		{7E608A3C-FFC4-4A1B-B82C-D9E723356E13}.Release|ARM.Build.0 = Release|Any CPU
		{7E608A3C-FFC4-4A1B-B82C-D9E723356E13}.Release|ARM64.ActiveCfg = Release|Any CPU
		{7E608A3C-FFC4-4A1B-B82C-D9E723356E13}.Release|ARM64.Build.0 = Release|Any CPU
		{7E608A3C-FFC4-4A1B-B82C-D9E723356E13}.Release|iPhone.ActiveCfg = Release|Any CPU
		{7E608A3C-FFC4-4A1B-B82C-D9E723356E13}.Release|iPhone.Build.0 = Release|Any CPU
		{7E608A3C-FFC4-4A1B-B82C-D9E723356E13}.Release|iPhoneSimulator.ActiveCfg = Release|Any CPU
		{7E608A3C-FFC4-4A1B-B82C-D9E723356E13}.Release|iPhoneSimulator.Build.0 = Release|Any CPU
		{7E608A3C-FFC4-4A1B-B82C-D9E723356E13}.Release|x64.ActiveCfg = Release|Any CPU
		{7E608A3C-FFC4-4A1B-B82C-D9E723356E13}.Release|x64.Build.0 = Release|Any CPU
		{7E608A3C-FFC4-4A1B-B82C-D9E723356E13}.Release|x86.ActiveCfg = Release|Any CPU
		{7E608A3C-FFC4-4A1B-B82C-D9E723356E13}.Release|x86.Build.0 = Release|Any CPU
		{5911E1A9-9C98-42BA-9878-90ED3F946E57}.Debug|Any CPU.ActiveCfg = Debug|Any CPU
		{5911E1A9-9C98-42BA-9878-90ED3F946E57}.Debug|Any CPU.Build.0 = Debug|Any CPU
		{5911E1A9-9C98-42BA-9878-90ED3F946E57}.Debug|ARM.ActiveCfg = Debug|Any CPU
		{5911E1A9-9C98-42BA-9878-90ED3F946E57}.Debug|ARM.Build.0 = Debug|Any CPU
		{5911E1A9-9C98-42BA-9878-90ED3F946E57}.Debug|ARM64.ActiveCfg = Debug|Any CPU
		{5911E1A9-9C98-42BA-9878-90ED3F946E57}.Debug|ARM64.Build.0 = Debug|Any CPU
		{5911E1A9-9C98-42BA-9878-90ED3F946E57}.Debug|iPhone.ActiveCfg = Debug|Any CPU
		{5911E1A9-9C98-42BA-9878-90ED3F946E57}.Debug|iPhone.Build.0 = Debug|Any CPU
		{5911E1A9-9C98-42BA-9878-90ED3F946E57}.Debug|iPhoneSimulator.ActiveCfg = Debug|Any CPU
		{5911E1A9-9C98-42BA-9878-90ED3F946E57}.Debug|iPhoneSimulator.Build.0 = Debug|Any CPU
		{5911E1A9-9C98-42BA-9878-90ED3F946E57}.Debug|x64.ActiveCfg = Debug|Any CPU
		{5911E1A9-9C98-42BA-9878-90ED3F946E57}.Debug|x64.Build.0 = Debug|Any CPU
		{5911E1A9-9C98-42BA-9878-90ED3F946E57}.Debug|x86.ActiveCfg = Debug|Any CPU
		{5911E1A9-9C98-42BA-9878-90ED3F946E57}.Debug|x86.Build.0 = Debug|Any CPU
		{5911E1A9-9C98-42BA-9878-90ED3F946E57}.Release|Any CPU.ActiveCfg = Release|Any CPU
		{5911E1A9-9C98-42BA-9878-90ED3F946E57}.Release|Any CPU.Build.0 = Release|Any CPU
		{5911E1A9-9C98-42BA-9878-90ED3F946E57}.Release|ARM.ActiveCfg = Release|Any CPU
		{5911E1A9-9C98-42BA-9878-90ED3F946E57}.Release|ARM.Build.0 = Release|Any CPU
		{5911E1A9-9C98-42BA-9878-90ED3F946E57}.Release|ARM64.ActiveCfg = Release|Any CPU
		{5911E1A9-9C98-42BA-9878-90ED3F946E57}.Release|ARM64.Build.0 = Release|Any CPU
		{5911E1A9-9C98-42BA-9878-90ED3F946E57}.Release|iPhone.ActiveCfg = Release|Any CPU
		{5911E1A9-9C98-42BA-9878-90ED3F946E57}.Release|iPhone.Build.0 = Release|Any CPU
		{5911E1A9-9C98-42BA-9878-90ED3F946E57}.Release|iPhoneSimulator.ActiveCfg = Release|Any CPU
		{5911E1A9-9C98-42BA-9878-90ED3F946E57}.Release|iPhoneSimulator.Build.0 = Release|Any CPU
		{5911E1A9-9C98-42BA-9878-90ED3F946E57}.Release|x64.ActiveCfg = Release|Any CPU
		{5911E1A9-9C98-42BA-9878-90ED3F946E57}.Release|x64.Build.0 = Release|Any CPU
		{5911E1A9-9C98-42BA-9878-90ED3F946E57}.Release|x86.ActiveCfg = Release|Any CPU
		{5911E1A9-9C98-42BA-9878-90ED3F946E57}.Release|x86.Build.0 = Release|Any CPU
		{DE461A19-E352-4A79-855B-4FCC38DA6BB6}.Debug|Any CPU.ActiveCfg = Debug|Any CPU
		{DE461A19-E352-4A79-855B-4FCC38DA6BB6}.Debug|Any CPU.Build.0 = Debug|Any CPU
		{DE461A19-E352-4A79-855B-4FCC38DA6BB6}.Debug|ARM.ActiveCfg = Debug|Any CPU
		{DE461A19-E352-4A79-855B-4FCC38DA6BB6}.Debug|ARM.Build.0 = Debug|Any CPU
		{DE461A19-E352-4A79-855B-4FCC38DA6BB6}.Debug|ARM64.ActiveCfg = Debug|Any CPU
		{DE461A19-E352-4A79-855B-4FCC38DA6BB6}.Debug|ARM64.Build.0 = Debug|Any CPU
		{DE461A19-E352-4A79-855B-4FCC38DA6BB6}.Debug|iPhone.ActiveCfg = Debug|Any CPU
		{DE461A19-E352-4A79-855B-4FCC38DA6BB6}.Debug|iPhone.Build.0 = Debug|Any CPU
		{DE461A19-E352-4A79-855B-4FCC38DA6BB6}.Debug|iPhoneSimulator.ActiveCfg = Debug|Any CPU
		{DE461A19-E352-4A79-855B-4FCC38DA6BB6}.Debug|iPhoneSimulator.Build.0 = Debug|Any CPU
		{DE461A19-E352-4A79-855B-4FCC38DA6BB6}.Debug|x64.ActiveCfg = Debug|Any CPU
		{DE461A19-E352-4A79-855B-4FCC38DA6BB6}.Debug|x64.Build.0 = Debug|Any CPU
		{DE461A19-E352-4A79-855B-4FCC38DA6BB6}.Debug|x86.ActiveCfg = Debug|Any CPU
		{DE461A19-E352-4A79-855B-4FCC38DA6BB6}.Debug|x86.Build.0 = Debug|Any CPU
		{DE461A19-E352-4A79-855B-4FCC38DA6BB6}.Release|Any CPU.ActiveCfg = Release|Any CPU
		{DE461A19-E352-4A79-855B-4FCC38DA6BB6}.Release|Any CPU.Build.0 = Release|Any CPU
		{DE461A19-E352-4A79-855B-4FCC38DA6BB6}.Release|ARM.ActiveCfg = Release|Any CPU
		{DE461A19-E352-4A79-855B-4FCC38DA6BB6}.Release|ARM.Build.0 = Release|Any CPU
		{DE461A19-E352-4A79-855B-4FCC38DA6BB6}.Release|ARM64.ActiveCfg = Release|Any CPU
		{DE461A19-E352-4A79-855B-4FCC38DA6BB6}.Release|ARM64.Build.0 = Release|Any CPU
		{DE461A19-E352-4A79-855B-4FCC38DA6BB6}.Release|iPhone.ActiveCfg = Release|Any CPU
		{DE461A19-E352-4A79-855B-4FCC38DA6BB6}.Release|iPhone.Build.0 = Release|Any CPU
		{DE461A19-E352-4A79-855B-4FCC38DA6BB6}.Release|iPhoneSimulator.ActiveCfg = Release|Any CPU
		{DE461A19-E352-4A79-855B-4FCC38DA6BB6}.Release|iPhoneSimulator.Build.0 = Release|Any CPU
		{DE461A19-E352-4A79-855B-4FCC38DA6BB6}.Release|x64.ActiveCfg = Release|Any CPU
		{DE461A19-E352-4A79-855B-4FCC38DA6BB6}.Release|x64.Build.0 = Release|Any CPU
		{DE461A19-E352-4A79-855B-4FCC38DA6BB6}.Release|x86.ActiveCfg = Release|Any CPU
		{DE461A19-E352-4A79-855B-4FCC38DA6BB6}.Release|x86.Build.0 = Release|Any CPU
		{9323F653-BB21-4967-9341-88DBAD2728C3}.Debug|Any CPU.ActiveCfg = Debug|Any CPU
		{9323F653-BB21-4967-9341-88DBAD2728C3}.Debug|Any CPU.Build.0 = Debug|Any CPU
		{9323F653-BB21-4967-9341-88DBAD2728C3}.Debug|ARM.ActiveCfg = Debug|ARM
		{9323F653-BB21-4967-9341-88DBAD2728C3}.Debug|ARM.Build.0 = Debug|ARM
		{9323F653-BB21-4967-9341-88DBAD2728C3}.Debug|ARM64.ActiveCfg = Debug|ARM64
		{9323F653-BB21-4967-9341-88DBAD2728C3}.Debug|ARM64.Build.0 = Debug|ARM64
		{9323F653-BB21-4967-9341-88DBAD2728C3}.Debug|iPhone.ActiveCfg = Debug|Any CPU
		{9323F653-BB21-4967-9341-88DBAD2728C3}.Debug|iPhone.Build.0 = Debug|Any CPU
		{9323F653-BB21-4967-9341-88DBAD2728C3}.Debug|iPhoneSimulator.ActiveCfg = Debug|Any CPU
		{9323F653-BB21-4967-9341-88DBAD2728C3}.Debug|iPhoneSimulator.Build.0 = Debug|Any CPU
		{9323F653-BB21-4967-9341-88DBAD2728C3}.Debug|x64.ActiveCfg = Debug|x64
		{9323F653-BB21-4967-9341-88DBAD2728C3}.Debug|x64.Build.0 = Debug|x64
		{9323F653-BB21-4967-9341-88DBAD2728C3}.Debug|x86.ActiveCfg = Debug|x86
		{9323F653-BB21-4967-9341-88DBAD2728C3}.Debug|x86.Build.0 = Debug|x86
		{9323F653-BB21-4967-9341-88DBAD2728C3}.Release|Any CPU.ActiveCfg = Release|Any CPU
		{9323F653-BB21-4967-9341-88DBAD2728C3}.Release|Any CPU.Build.0 = Release|Any CPU
		{9323F653-BB21-4967-9341-88DBAD2728C3}.Release|ARM.ActiveCfg = Release|ARM
		{9323F653-BB21-4967-9341-88DBAD2728C3}.Release|ARM.Build.0 = Release|ARM
		{9323F653-BB21-4967-9341-88DBAD2728C3}.Release|ARM64.ActiveCfg = Release|ARM64
		{9323F653-BB21-4967-9341-88DBAD2728C3}.Release|ARM64.Build.0 = Release|ARM64
		{9323F653-BB21-4967-9341-88DBAD2728C3}.Release|iPhone.ActiveCfg = Release|Any CPU
		{9323F653-BB21-4967-9341-88DBAD2728C3}.Release|iPhone.Build.0 = Release|Any CPU
		{9323F653-BB21-4967-9341-88DBAD2728C3}.Release|iPhoneSimulator.ActiveCfg = Release|Any CPU
		{9323F653-BB21-4967-9341-88DBAD2728C3}.Release|iPhoneSimulator.Build.0 = Release|Any CPU
		{9323F653-BB21-4967-9341-88DBAD2728C3}.Release|x64.ActiveCfg = Release|x64
		{9323F653-BB21-4967-9341-88DBAD2728C3}.Release|x64.Build.0 = Release|x64
		{9323F653-BB21-4967-9341-88DBAD2728C3}.Release|x86.ActiveCfg = Release|x86
		{9323F653-BB21-4967-9341-88DBAD2728C3}.Release|x86.Build.0 = Release|x86
		{7B9EFB80-514D-49F6-B580-CF32C79C80A1}.Debug|Any CPU.ActiveCfg = Debug|Any CPU
		{7B9EFB80-514D-49F6-B580-CF32C79C80A1}.Debug|Any CPU.Build.0 = Debug|Any CPU
		{7B9EFB80-514D-49F6-B580-CF32C79C80A1}.Debug|ARM.ActiveCfg = Debug|Any CPU
		{7B9EFB80-514D-49F6-B580-CF32C79C80A1}.Debug|ARM.Build.0 = Debug|Any CPU
		{7B9EFB80-514D-49F6-B580-CF32C79C80A1}.Debug|ARM64.ActiveCfg = Debug|Any CPU
		{7B9EFB80-514D-49F6-B580-CF32C79C80A1}.Debug|ARM64.Build.0 = Debug|Any CPU
		{7B9EFB80-514D-49F6-B580-CF32C79C80A1}.Debug|iPhone.ActiveCfg = Debug|Any CPU
		{7B9EFB80-514D-49F6-B580-CF32C79C80A1}.Debug|iPhone.Build.0 = Debug|Any CPU
		{7B9EFB80-514D-49F6-B580-CF32C79C80A1}.Debug|iPhoneSimulator.ActiveCfg = Debug|Any CPU
		{7B9EFB80-514D-49F6-B580-CF32C79C80A1}.Debug|iPhoneSimulator.Build.0 = Debug|Any CPU
		{7B9EFB80-514D-49F6-B580-CF32C79C80A1}.Debug|x64.ActiveCfg = Debug|Any CPU
		{7B9EFB80-514D-49F6-B580-CF32C79C80A1}.Debug|x64.Build.0 = Debug|Any CPU
		{7B9EFB80-514D-49F6-B580-CF32C79C80A1}.Debug|x86.ActiveCfg = Debug|Any CPU
		{7B9EFB80-514D-49F6-B580-CF32C79C80A1}.Debug|x86.Build.0 = Debug|Any CPU
		{7B9EFB80-514D-49F6-B580-CF32C79C80A1}.Release|Any CPU.ActiveCfg = Release|Any CPU
		{7B9EFB80-514D-49F6-B580-CF32C79C80A1}.Release|Any CPU.Build.0 = Release|Any CPU
		{7B9EFB80-514D-49F6-B580-CF32C79C80A1}.Release|ARM.ActiveCfg = Release|Any CPU
		{7B9EFB80-514D-49F6-B580-CF32C79C80A1}.Release|ARM.Build.0 = Release|Any CPU
		{7B9EFB80-514D-49F6-B580-CF32C79C80A1}.Release|ARM64.ActiveCfg = Release|Any CPU
		{7B9EFB80-514D-49F6-B580-CF32C79C80A1}.Release|ARM64.Build.0 = Release|Any CPU
		{7B9EFB80-514D-49F6-B580-CF32C79C80A1}.Release|iPhone.ActiveCfg = Release|Any CPU
		{7B9EFB80-514D-49F6-B580-CF32C79C80A1}.Release|iPhone.Build.0 = Release|Any CPU
		{7B9EFB80-514D-49F6-B580-CF32C79C80A1}.Release|iPhoneSimulator.ActiveCfg = Release|Any CPU
		{7B9EFB80-514D-49F6-B580-CF32C79C80A1}.Release|iPhoneSimulator.Build.0 = Release|Any CPU
		{7B9EFB80-514D-49F6-B580-CF32C79C80A1}.Release|x64.ActiveCfg = Release|Any CPU
		{7B9EFB80-514D-49F6-B580-CF32C79C80A1}.Release|x64.Build.0 = Release|Any CPU
		{7B9EFB80-514D-49F6-B580-CF32C79C80A1}.Release|x86.ActiveCfg = Release|Any CPU
		{7B9EFB80-514D-49F6-B580-CF32C79C80A1}.Release|x86.Build.0 = Release|Any CPU
	EndGlobalSection
	GlobalSection(SolutionProperties) = preSolution
		HideSolutionNode = FALSE
	EndGlobalSection
	GlobalSection(NestedProjects) = preSolution
		{7E608A3C-FFC4-4A1B-B82C-D9E723356E13} = {3D03F8ED-4832-4DDE-BB37-F95FE462B06D}
		{5911E1A9-9C98-42BA-9878-90ED3F946E57} = {3D03F8ED-4832-4DDE-BB37-F95FE462B06D}
		{DE461A19-E352-4A79-855B-4FCC38DA6BB6} = {3D03F8ED-4832-4DDE-BB37-F95FE462B06D}
		{9323F653-BB21-4967-9341-88DBAD2728C3} = {3D03F8ED-4832-4DDE-BB37-F95FE462B06D}
		{7B9EFB80-514D-49F6-B580-CF32C79C80A1} = {3D03F8ED-4832-4DDE-BB37-F95FE462B06D}
	EndGlobalSection
	GlobalSection(ExtensibilityGlobals) = postSolution
		SolutionGuid = {6541D50C-7C60-43B0-BB2A-E0F31E907B13}
	EndGlobalSection
EndGlobal
